
Microsoft Visual Studio Solution File, Format Version 12.00
Project("{FAE04EC0-301F-11D3-BF4B-00C04F79EFBC}") = "OOP_Assignment_2", "OOP_Assignment_2\OOP_Assignment_2.csproj", "{4146F11A-CEF5-4F61-B7B8-AD31A78A20A2}"
EndProject
Project("{2150E333-8FDC-42A3-9474-1A3956D46DE8}") = "Inheritance", "Inheritance", "{8228BA42-9E36-F75A-E4E4-6505B0D8A8EE}"
EndProject
Project("{2150E333-8FDC-42A3-9474-1A3956D46DE8}") = "src", "src", "{D9D042E3-527F-7019-A911-16C2BA543EE0}"
EndProject
Project("{FAE04EC0-301F-11D3-BF4B-00C04F79EFBC}") = "LibrarySystem", "Inheritance\src\LibrarySystem.csproj", "{0303BE01-612F-433C-8875-8D34466A2846}"
EndProject
Global
	GlobalSection(SolutionConfigurationPlatforms) = preSolution
		Debug|Any CPU = Debug|Any CPU
		Debug|x64 = Debug|x64
		Debug|x86 = Debug|x86
		Release|Any CPU = Release|Any CPU
		Release|x64 = Release|x64
		Release|x86 = Release|x86
	EndGlobalSection
	GlobalSection(ProjectConfigurationPlatforms) = postSolution
		{4146F11A-CEF5-4F61-B7B8-AD31A78A20A2}.Debug|Any CPU.ActiveCfg = Debug|Any CPU
		{4146F11A-CEF5-4F61-B7B8-AD31A78A20A2}.Debug|Any CPU.Build.0 = Debug|Any CPU
		{4146F11A-CEF5-4F61-B7B8-AD31A78A20A2}.Debug|x64.ActiveCfg = Debug|Any CPU
		{4146F11A-CEF5-4F61-B7B8-AD31A78A20A2}.Debug|x64.Build.0 = Debug|Any CPU
		{4146F11A-CEF5-4F61-B7B8-AD31A78A20A2}.Debug|x86.ActiveCfg = Debug|Any CPU
		{4146F11A-CEF5-4F61-B7B8-AD31A78A20A2}.Debug|x86.Build.0 = Debug|Any CPU
		{4146F11A-CEF5-4F61-B7B8-AD31A78A20A2}.Release|Any CPU.ActiveCfg = Release|Any CPU
		{4146F11A-CEF5-4F61-B7B8-AD31A78A20A2}.Release|Any CPU.Build.0 = Release|Any CPU
		{4146F11A-CEF5-4F61-B7B8-AD31A78A20A2}.Release|x64.ActiveCfg = Release|Any CPU
		{4146F11A-CEF5-4F61-B7B8-AD31A78A20A2}.Release|x64.Build.0 = Release|Any CPU
		{4146F11A-CEF5-4F61-B7B8-AD31A78A20A2}.Release|x86.ActiveCfg = Release|Any CPU
		{4146F11A-CEF5-4F61-B7B8-AD31A78A20A2}.Release|x86.Build.0 = Release|Any CPU
		{0303BE01-612F-433C-8875-8D34466A2846}.Debug|Any CPU.ActiveCfg = Debug|Any CPU
		{0303BE01-612F-433C-8875-8D34466A2846}.Debug|Any CPU.Build.0 = Debug|Any CPU
		{0303BE01-612F-433C-8875-8D34466A2846}.Debug|x64.ActiveCfg = Debug|Any CPU
		{0303BE01-612F-433C-8875-8D34466A2846}.Debug|x64.Build.0 = Debug|Any CPU
		{0303BE01-612F-433C-8875-8D34466A2846}.Debug|x86.ActiveCfg = Debug|Any CPU
		{0303BE01-612F-433C-8875-8D34466A2846}.Debug|x86.Build.0 = Debug|Any CPU
		{0303BE01-612F-433C-8875-8D34466A2846}.Release|Any CPU.ActiveCfg = Release|Any CPU
		{0303BE01-612F-433C-8875-8D34466A2846}.Release|Any CPU.Build.0 = Release|Any CPU
		{0303BE01-612F-433C-8875-8D34466A2846}.Release|x64.ActiveCfg = Release|Any CPU
		{0303BE01-612F-433C-8875-8D34466A2846}.Release|x64.Build.0 = Release|Any CPU
		{0303BE01-612F-433C-8875-8D34466A2846}.Release|x86.ActiveCfg = Release|Any CPU
		{0303BE01-612F-433C-8875-8D34466A2846}.Release|x86.Build.0 = Release|Any CPU
	EndGlobalSection
	GlobalSection(SolutionProperties) = preSolution
		HideSolutionNode = FALSE
	EndGlobalSection
	GlobalSection(NestedProjects) = preSolution
		{D9D042E3-527F-7019-A911-16C2BA543EE0} = {8228BA42-9E36-F75A-E4E4-6505B0D8A8EE}
		{0303BE01-612F-433C-8875-8D34466A2846} = {D9D042E3-527F-7019-A911-16C2BA543EE0}
	EndGlobalSection
EndGlobal
